
Microsoft Visual Studio Solution File, Format Version 12.00
# Visual Studio Version 17
VisualStudioVersion = 17.1.32407.343
MinimumVisualStudioVersion = 10.0.40219.1
Project("{FAE04EC0-301F-11D3-BF4B-00C04F79EFBC}") = "KendoUIDropDownListApp", "KendoUIDropDownListApp.csproj", "{07FAD73F-9FC7-434F-9F59-6F0839EEECCA}"
EndProject
Global
	GlobalSection(SolutionConfigurationPlatforms) = preSolution
		Debug|Any CPU = Debug|Any CPU
		Release|Any CPU = Release|Any CPU
	EndGlobalSection
	GlobalSection(ProjectConfigurationPlatforms) = postSolution
		{07FAD73F-9FC7-434F-9F59-6F0839EEECCA}.Debug|Any CPU.ActiveCfg = Debug|Any CPU
		{07FAD73F-9FC7-434F-9F59-6F0839EEECCA}.Debug|Any CPU.Build.0 = Debug|Any CPU
		{07FAD73F-9FC7-434F-9F59-6F0839EEECCA}.Release|Any CPU.ActiveCfg = Release|Any CPU
		{07FAD73F-9FC7-434F-9F59-6F0839EEECCA}.Release|Any CPU.Build.0 = Release|Any CPU
	EndGlobalSection
	GlobalSection(SolutionProperties) = preSolution
		HideSolutionNode = FALSE
	EndGlobalSection
	GlobalSection(ExtensibilityGlobals) = postSolution
		SolutionGuid = {46247C9E-9F85-4F9F-A0D6-0D4B1CD354FA}
	EndGlobalSection
EndGlobal
